
Microsoft Visual Studio Solution File, Format Version 12.00
# Visual Studio 15
VisualStudioVersion = 15.0.28307.1022
MinimumVisualStudioVersion = 10.0.40219.1
Project("{FAE04EC0-301F-11D3-BF4B-00C04F79EFBC}") = "Sample.Android", "Sample\Sample.Android\Sample.Android.csproj", "{A1AB86DC-ED6B-46B5-8697-137C318E0919}"
EndProject
Project("{FAE04EC0-301F-11D3-BF4B-00C04F79EFBC}") = "Sample.iOS", "Sample\Sample.iOS\Sample.iOS.csproj", "{44226920-7431-4C03-A80D-E737D5A34E3A}"
EndProject
Project("{FAE04EC0-301F-11D3-BF4B-00C04F79EFBC}") = "Sample", "Sample\Sample\Sample.csproj", "{09C63C24-34D8-453A-8B7D-5A4FCC551706}"
EndProject
Global
	GlobalSection(SolutionConfigurationPlatforms) = preSolution
		Ad-Hoc|Any CPU = Ad-Hoc|Any CPU
		Ad-Hoc|iPhone = Ad-Hoc|iPhone
		Ad-Hoc|iPhoneSimulator = Ad-Hoc|iPhoneSimulator
		AppStore|Any CPU = AppStore|Any CPU
		AppStore|iPhone = AppStore|iPhone
		AppStore|iPhoneSimulator = AppStore|iPhoneSimulator
		Debug|Any CPU = Debug|Any CPU
		Debug|iPhone = Debug|iPhone
		Debug|iPhoneSimulator = Debug|iPhoneSimulator
		Release|Any CPU = Release|Any CPU
		Release|iPhone = Release|iPhone
		Release|iPhoneSimulator = Release|iPhoneSimulator
	EndGlobalSection
	GlobalSection(ProjectConfigurationPlatforms) = postSolution
		{A1AB86DC-ED6B-46B5-8697-137C318E0919}.Ad-Hoc|Any CPU.ActiveCfg = Release|Any CPU
		{A1AB86DC-ED6B-46B5-8697-137C318E0919}.Ad-Hoc|Any CPU.Build.0 = Release|Any CPU
		{A1AB86DC-ED6B-46B5-8697-137C318E0919}.Ad-Hoc|Any CPU.Deploy.0 = Release|Any CPU
		{A1AB86DC-ED6B-46B5-8697-137C318E0919}.Ad-Hoc|iPhone.ActiveCfg = Release|Any CPU
		{A1AB86DC-ED6B-46B5-8697-137C318E0919}.Ad-Hoc|iPhone.Build.0 = Release|Any CPU
		{A1AB86DC-ED6B-46B5-8697-137C318E0919}.Ad-Hoc|iPhone.Deploy.0 = Release|Any CPU
		{A1AB86DC-ED6B-46B5-8697-137C318E0919}.Ad-Hoc|iPhoneSimulator.ActiveCfg = Release|Any CPU
		{A1AB86DC-ED6B-46B5-8697-137C318E0919}.Ad-Hoc|iPhoneSimulator.Build.0 = Release|Any CPU
		{A1AB86DC-ED6B-46B5-8697-137C318E0919}.Ad-Hoc|iPhoneSimulator.Deploy.0 = Release|Any CPU
		{A1AB86DC-ED6B-46B5-8697-137C318E0919}.AppStore|Any CPU.ActiveCfg = Release|Any CPU
		{A1AB86DC-ED6B-46B5-8697-137C318E0919}.AppStore|Any CPU.Build.0 = Release|Any CPU
		{A1AB86DC-ED6B-46B5-8697-137C318E0919}.AppStore|Any CPU.Deploy.0 = Release|Any CPU
		{A1AB86DC-ED6B-46B5-8697-137C318E0919}.AppStore|iPhone.ActiveCfg = Release|Any CPU
		{A1AB86DC-ED6B-46B5-8697-137C318E0919}.AppStore|iPhone.Build.0 = Release|Any CPU
		{A1AB86DC-ED6B-46B5-8697-137C318E0919}.AppStore|iPhone.Deploy.0 = Release|Any CPU
		{A1AB86DC-ED6B-46B5-8697-137C318E0919}.AppStore|iPhoneSimulator.ActiveCfg = Release|Any CPU
		{A1AB86DC-ED6B-46B5-8697-137C318E0919}.AppStore|iPhoneSimulator.Build.0 = Release|Any CPU
		{A1AB86DC-ED6B-46B5-8697-137C318E0919}.AppStore|iPhoneSimulator.Deploy.0 = Release|Any CPU
		{A1AB86DC-ED6B-46B5-8697-137C318E0919}.Debug|Any CPU.ActiveCfg = Debug|Any CPU
		{A1AB86DC-ED6B-46B5-8697-137C318E0919}.Debug|Any CPU.Build.0 = Debug|Any CPU
		{A1AB86DC-ED6B-46B5-8697-137C318E0919}.Debug|Any CPU.Deploy.0 = Debug|Any CPU
		{A1AB86DC-ED6B-46B5-8697-137C318E0919}.Debug|iPhone.ActiveCfg = Debug|Any CPU
		{A1AB86DC-ED6B-46B5-8697-137C318E0919}.Debug|iPhone.Build.0 = Debug|Any CPU
		{A1AB86DC-ED6B-46B5-8697-137C318E0919}.Debug|iPhone.Deploy.0 = Debug|Any CPU
		{A1AB86DC-ED6B-46B5-8697-137C318E0919}.Debug|iPhoneSimulator.ActiveCfg = Debug|Any CPU
		{A1AB86DC-ED6B-46B5-8697-137C318E0919}.Debug|iPhoneSimulator.Build.0 = Debug|Any CPU
		{A1AB86DC-ED6B-46B5-8697-137C318E0919}.Debug|iPhoneSimulator.Deploy.0 = Debug|Any CPU
		{A1AB86DC-ED6B-46B5-8697-137C318E0919}.Release|Any CPU.ActiveCfg = Release|Any CPU
		{A1AB86DC-ED6B-46B5-8697-137C318E0919}.Release|Any CPU.Build.0 = Release|Any CPU
		{A1AB86DC-ED6B-46B5-8697-137C318E0919}.Release|Any CPU.Deploy.0 = Release|Any CPU
		{A1AB86DC-ED6B-46B5-8697-137C318E0919}.Release|iPhone.ActiveCfg = Release|Any CPU
		{A1AB86DC-ED6B-46B5-8697-137C318E0919}.Release|iPhone.Build.0 = Release|Any CPU
		{A1AB86DC-ED6B-46B5-8697-137C318E0919}.Release|iPhone.Deploy.0 = Release|Any CPU
		{A1AB86DC-ED6B-46B5-8697-137C318E0919}.Release|iPhoneSimulator.ActiveCfg = Release|Any CPU
		{A1AB86DC-ED6B-46B5-8697-137C318E0919}.Release|iPhoneSimulator.Build.0 = Release|Any CPU
		{A1AB86DC-ED6B-46B5-8697-137C318E0919}.Release|iPhoneSimulator.Deploy.0 = Release|Any CPU
		{44226920-7431-4C03-A80D-E737D5A34E3A}.Ad-Hoc|Any CPU.ActiveCfg = Ad-Hoc|iPhone
		{44226920-7431-4C03-A80D-E737D5A34E3A}.Ad-Hoc|Any CPU.Build.0 = Ad-Hoc|iPhone
		{44226920-7431-4C03-A80D-E737D5A34E3A}.Ad-Hoc|Any CPU.Deploy.0 = Ad-Hoc|iPhone
		{44226920-7431-4C03-A80D-E737D5A34E3A}.Ad-Hoc|iPhone.ActiveCfg = Ad-Hoc|iPhone
		{44226920-7431-4C03-A80D-E737D5A34E3A}.Ad-Hoc|iPhone.Build.0 = Ad-Hoc|iPhone
		{44226920-7431-4C03-A80D-E737D5A34E3A}.Ad-Hoc|iPhone.Deploy.0 = Ad-Hoc|iPhone
		{44226920-7431-4C03-A80D-E737D5A34E3A}.Ad-Hoc|iPhoneSimulator.ActiveCfg = Ad-Hoc|iPhoneSimulator
		{44226920-7431-4C03-A80D-E737D5A34E3A}.Ad-Hoc|iPhoneSimulator.Build.0 = Ad-Hoc|iPhoneSimulator
		{44226920-7431-4C03-A80D-E737D5A34E3A}.Ad-Hoc|iPhoneSimulator.Deploy.0 = Ad-Hoc|iPhoneSimulator
		{44226920-7431-4C03-A80D-E737D5A34E3A}.AppStore|Any CPU.ActiveCfg = AppStore|iPhone
		{44226920-7431-4C03-A80D-E737D5A34E3A}.AppStore|Any CPU.Build.0 = AppStore|iPhone
		{44226920-7431-4C03-A80D-E737D5A34E3A}.AppStore|Any CPU.Deploy.0 = AppStore|iPhone
		{44226920-7431-4C03-A80D-E737D5A34E3A}.AppStore|iPhone.ActiveCfg = AppStore|iPhone
		{44226920-7431-4C03-A80D-E737D5A34E3A}.AppStore|iPhone.Build.0 = AppStore|iPhone
		{44226920-7431-4C03-A80D-E737D5A34E3A}.AppStore|iPhone.Deploy.0 = AppStore|iPhone
		{44226920-7431-4C03-A80D-E737D5A34E3A}.AppStore|iPhoneSimulator.ActiveCfg = AppStore|iPhoneSimulator
		{44226920-7431-4C03-A80D-E737D5A34E3A}.AppStore|iPhoneSimulator.Build.0 = AppStore|iPhoneSimulator
		{44226920-7431-4C03-A80D-E737D5A34E3A}.AppStore|iPhoneSimulator.Deploy.0 = AppStore|iPhoneSimulator
		{44226920-7431-4C03-A80D-E737D5A34E3A}.Debug|Any CPU.ActiveCfg = Debug|iPhoneSimulator
		{44226920-7431-4C03-A80D-E737D5A34E3A}.Debug|Any CPU.Build.0 = Debug|iPhoneSimulator
		{44226920-7431-4C03-A80D-E737D5A34E3A}.Debug|Any CPU.Deploy.0 = Debug|iPhoneSimulator
		{44226920-7431-4C03-A80D-E737D5A34E3A}.Debug|iPhone.ActiveCfg = Debug|iPhone
		{44226920-7431-4C03-A80D-E737D5A34E3A}.Debug|iPhone.Build.0 = Debug|iPhone
		{44226920-7431-4C03-A80D-E737D5A34E3A}.Debug|iPhone.Deploy.0 = Debug|iPhone
		{44226920-7431-4C03-A80D-E737D5A34E3A}.Debug|iPhoneSimulator.ActiveCfg = Debug|iPhoneSimulator
		{44226920-7431-4C03-A80D-E737D5A34E3A}.Debug|iPhoneSimulator.Build.0 = Debug|iPhoneSimulator
		{44226920-7431-4C03-A80D-E737D5A34E3A}.Debug|iPhoneSimulator.Deploy.0 = Debug|iPhoneSimulator
		{44226920-7431-4C03-A80D-E737D5A34E3A}.Release|Any CPU.ActiveCfg = Release|iPhone
		{44226920-7431-4C03-A80D-E737D5A34E3A}.Release|Any CPU.Build.0 = Release|iPhone
		{44226920-7431-4C03-A80D-E737D5A34E3A}.Release|Any CPU.Deploy.0 = Release|iPhone
		{44226920-7431-4C03-A80D-E737D5A34E3A}.Release|iPhone.ActiveCfg = Release|iPhone
		{44226920-7431-4C03-A80D-E737D5A34E3A}.Release|iPhone.Build.0 = Release|iPhone
		{44226920-7431-4C03-A80D-E737D5A34E3A}.Release|iPhone.Deploy.0 = Release|iPhone
		{44226920-7431-4C03-A80D-E737D5A34E3A}.Release|iPhoneSimulator.ActiveCfg = Release|iPhoneSimulator
		{44226920-7431-4C03-A80D-E737D5A34E3A}.Release|iPhoneSimulator.Build.0 = Release|iPhoneSimulator
		{44226920-7431-4C03-A80D-E737D5A34E3A}.Release|iPhoneSimulator.Deploy.0 = Release|iPhoneSimulator
		{09C63C24-34D8-453A-8B7D-5A4FCC551706}.Ad-Hoc|Any CPU.ActiveCfg = Debug|Any CPU
		{09C63C24-34D8-453A-8B7D-5A4FCC551706}.Ad-Hoc|Any CPU.Build.0 = Debug|Any CPU
		{09C63C24-34D8-453A-8B7D-5A4FCC551706}.Ad-Hoc|Any CPU.Deploy.0 = Debug|Any CPU
		{09C63C24-34D8-453A-8B7D-5A4FCC551706}.Ad-Hoc|iPhone.ActiveCfg = Debug|Any CPU
		{09C63C24-34D8-453A-8B7D-5A4FCC551706}.Ad-Hoc|iPhone.Build.0 = Debug|Any CPU
		{09C63C24-34D8-453A-8B7D-5A4FCC551706}.Ad-Hoc|iPhone.Deploy.0 = Debug|Any CPU
		{09C63C24-34D8-453A-8B7D-5A4FCC551706}.Ad-Hoc|iPhoneSimulator.ActiveCfg = Debug|Any CPU
		{09C63C24-34D8-453A-8B7D-5A4FCC551706}.Ad-Hoc|iPhoneSimulator.Build.0 = Debug|Any CPU
		{09C63C24-34D8-453A-8B7D-5A4FCC551706}.Ad-Hoc|iPhoneSimulator.Deploy.0 = Debug|Any CPU
		{09C63C24-34D8-453A-8B7D-5A4FCC551706}.AppStore|Any CPU.ActiveCfg = Debug|Any CPU
		{09C63C24-34D8-453A-8B7D-5A4FCC551706}.AppStore|Any CPU.Build.0 = Debug|Any CPU
		{09C63C24-34D8-453A-8B7D-5A4FCC551706}.AppStore|Any CPU.Deploy.0 = Debug|Any CPU
		{09C63C24-34D8-453A-8B7D-5A4FCC551706}.AppStore|iPhone.ActiveCfg = Debug|Any CPU
		{09C63C24-34D8-453A-8B7D-5A4FCC551706}.AppStore|iPhone.Build.0 = Debug|Any CPU
		{09C63C24-34D8-453A-8B7D-5A4FCC551706}.AppStore|iPhone.Deploy.0 = Debug|Any CPU
		{09C63C24-34D8-453A-8B7D-5A4FCC551706}.AppStore|iPhoneSimulator.ActiveCfg = Debug|Any CPU
		{09C63C24-34D8-453A-8B7D-5A4FCC551706}.AppStore|iPhoneSimulator.Build.0 = Debug|Any CPU
		{09C63C24-34D8-453A-8B7D-5A4FCC551706}.AppStore|iPhoneSimulator.Deploy.0 = Debug|Any CPU
		{09C63C24-34D8-453A-8B7D-5A4FCC551706}.Debug|Any CPU.ActiveCfg = Debug|Any CPU
		{09C63C24-34D8-453A-8B7D-5A4FCC551706}.Debug|Any CPU.Build.0 = Debug|Any CPU
		{09C63C24-34D8-453A-8B7D-5A4FCC551706}.Debug|Any CPU.Deploy.0 = Debug|Any CPU
		{09C63C24-34D8-453A-8B7D-5A4FCC551706}.Debug|iPhone.ActiveCfg = Debug|Any CPU
		{09C63C24-34D8-453A-8B7D-5A4FCC551706}.Debug|iPhone.Build.0 = Debug|Any CPU
		{09C63C24-34D8-453A-8B7D-5A4FCC551706}.Debug|iPhone.Deploy.0 = Debug|Any CPU
		{09C63C24-34D8-453A-8B7D-5A4FCC551706}.Debug|iPhoneSimulator.ActiveCfg = Debug|Any CPU
		{09C63C24-34D8-453A-8B7D-5A4FCC551706}.Debug|iPhoneSimulator.Build.0 = Debug|Any CPU
		{09C63C24-34D8-453A-8B7D-5A4FCC551706}.Debug|iPhoneSimulator.Deploy.0 = Debug|Any CPU
		{09C63C24-34D8-453A-8B7D-5A4FCC551706}.Release|Any CPU.ActiveCfg = Release|Any CPU
		{09C63C24-34D8-453A-8B7D-5A4FCC551706}.Release|Any CPU.Build.0 = Release|Any CPU
		{09C63C24-34D8-453A-8B7D-5A4FCC551706}.Release|Any CPU.Deploy.0 = Release|Any CPU
		{09C63C24-34D8-453A-8B7D-5A4FCC551706}.Release|iPhone.ActiveCfg = Release|Any CPU
		{09C63C24-34D8-453A-8B7D-5A4FCC551706}.Release|iPhone.Build.0 = Release|Any CPU
		{09C63C24-34D8-453A-8B7D-5A4FCC551706}.Release|iPhone.Deploy.0 = Release|Any CPU
		{09C63C24-34D8-453A-8B7D-5A4FCC551706}.Release|iPhoneSimulator.ActiveCfg = Release|Any CPU
		{09C63C24-34D8-453A-8B7D-5A4FCC551706}.Release|iPhoneSimulator.Build.0 = Release|Any CPU
		{09C63C24-34D8-453A-8B7D-5A4FCC551706}.Release|iPhoneSimulator.Deploy.0 = Release|Any CPU
	EndGlobalSection
	GlobalSection(SolutionProperties) = preSolution
		HideSolutionNode = FALSE
	EndGlobalSection
	GlobalSection(ExtensibilityGlobals) = postSolution
		SolutionGuid = {13E0248B-0DF5-4436-8DB6-BB4FE16587B3}
	EndGlobalSection
EndGlobal
